<?xml version="1.0" encoding="utf-8"?>
<Project ToolsVersion="4.0" xmlns="http://schemas.microsoft.com/developer/msbuild/2003">
  <ItemGroup>
    <Filter Include="Исходные файлы">
      <UniqueIdentifier>{4FC737F1-C7A5-4376-A066-2A32D752A2FF}</UniqueIdentifier>
      <Extensions>cpp;c;cc;cxx;c++;cppm;ixx;def;odl;idl;hpj;bat;asm;asmx</Extensions>
    </Filter>
    <Filter Include="Файлы ресурсов">
      <UniqueIdentifier>{67DA6AB6-F800-4c08-8B7A-83BB121AAD01}</UniqueIdentifier>
      <Extensions>rc;ico;cur;bmp;dlg;rc2;rct;bin;rgs;gif;jpg;jpeg;jpe;resx;tiff;tif;png;wav;mfcribbon-ms</Extensions>
    </Filter>
    <Filter Include="DataAccess">
      <UniqueIdentifier>{56ce983c-529c-4434-86f8-2e71a881e81a}</UniqueIdentifier>
    </Filter>
    <Filter Include="DataAccess\CSV files">
      <UniqueIdentifier>{c787a1e6-b938-45cc-968c-5476ec528a6d}</UniqueIdentifier>
    </Filter>
    <Filter Include="UiForms">
      <UniqueIdentifier>{93995380-89BD-4b04-88EB-625FBE52EBFB}</UniqueIdentifier>
      <Extensions>h;hh;hpp;hxx;h++;hm;inl;inc;ipp;xsd</Extensions>
    </Filter>
  </ItemGroup>
  <ItemGroup>
    <ClCompile Include="MainForm.cpp">
      <Filter>Исходные файлы</Filter>
    </ClCompile>
    <ClCompile Include="MenuForm.cpp">
      <Filter>UiForms</Filter>
    </ClCompile>
    <ClCompile Include="OrderForm.cpp">
      <Filter>UiForms</Filter>
    </ClCompile>
    <ClCompile Include="MenuLoader.cpp">
      <Filter>UiForms</Filter>
    </ClCompile>
  </ItemGroup>
  <ItemGroup>
    <ClInclude Include="MainForm.h">
      <Filter>UiForms</Filter>
    </ClInclude>
    <ClInclude Include="MenuForm.h">
      <Filter>UiForms</Filter>
    </ClInclude>
    <ClInclude Include="OrderForm.h">
      <Filter>UiForms</Filter>
    </ClInclude>
    <ClInclude Include="MenuLoader.h">
      <Filter>UiForms</Filter>
    </ClInclude>
  </ItemGroup>
  <ItemGroup>
    <Text Include="Menu.txt">
      <Filter>DataAccess\CSV files</Filter>
    </Text>
    <Text Include="Occasions.txt">
      <Filter>DataAccess\CSV files</Filter>
    </Text>
  </ItemGroup>
</Project>